
Microsoft Visual Studio Solution File, Format Version 12.00
# Visual Studio Version 16
VisualStudioVersion = 16.0.33130.400
MinimumVisualStudioVersion = 10.0.40219.1
Project("{8BC9CEB8-8B4A-11D0-8D11-00A0C91BC942}") = "vs_for_susu_cpp_practice", "vs_for_susu_cpp_practice\vs_for_susu_cpp_practice.vcxproj", "{3C4881DA-81DA-4149-B5E3-757CB5E9E418}"
EndProject
Global
	GlobalSection(SolutionConfigurationPlatforms) = preSolution
		Debug|x64 = Debug|x64
		Debug|x86 = Debug|x86
		Release|x64 = Release|x64
		Release|x86 = Release|x86
	EndGlobalSection
	GlobalSection(ProjectConfigurationPlatforms) = postSolution
		{3C4881DA-81DA-4149-B5E3-757CB5E9E418}.Debug|x64.ActiveCfg = Debug|x64
		{3C4881DA-81DA-4149-B5E3-757CB5E9E418}.Debug|x64.Build.0 = Debug|x64
		{3C4881DA-81DA-4149-B5E3-757CB5E9E418}.Debug|x86.ActiveCfg = Debug|Win32
		{3C4881DA-81DA-4149-B5E3-757CB5E9E418}.Debug|x86.Build.0 = Debug|Win32
		{3C4881DA-81DA-4149-B5E3-757CB5E9E418}.Release|x64.ActiveCfg = Release|x64
		{3C4881DA-81DA-4149-B5E3-757CB5E9E418}.Release|x64.Build.0 = Release|x64
		{3C4881DA-81DA-4149-B5E3-757CB5E9E418}.Release|x86.ActiveCfg = Release|Win32
		{3C4881DA-81DA-4149-B5E3-757CB5E9E418}.Release|x86.Build.0 = Release|Win32
	EndGlobalSection
	GlobalSection(SolutionProperties) = preSolution
		HideSolutionNode = FALSE
	EndGlobalSection
	GlobalSection(ExtensibilityGlobals) = postSolution
		SolutionGuid = {58E20EA9-8882-4745-A72B-DDCA0FBA0851}
	EndGlobalSection
EndGlobal
